
Microsoft Visual Studio Solution File, Format Version 12.00
# Visual Studio Version 17
VisualStudioVersion = 17.12.35527.113
MinimumVisualStudioVersion = 10.0.40219.1
Project("{FAE04EC0-301F-11D3-BF4B-00C04F79EFBC}") = "API", "API\API.csproj", "{91C4321F-20F6-4344-A114-FCDE17DBC179}"
EndProject
Project("{FAE04EC0-301F-11D3-BF4B-00C04F79EFBC}") = "Domain", "Domain\Domain.csproj", "{6BE9139E-FD40-4CBD-B323-72901678968F}"
EndProject
Project("{FAE04EC0-301F-11D3-BF4B-00C04F79EFBC}") = "Application", "Application\Application.csproj", "{A63D74B3-DD11-49BD-B899-D81BB2FF6E75}"
EndProject
Project("{FAE04EC0-301F-11D3-BF4B-00C04F79EFBC}") = "Infrastructure", "Infrastructure\Infrastructure.csproj", "{A2CDEE79-F7D9-4E40-8E78-DB33CF2B3AB4}"
EndProject
Global
	GlobalSection(SolutionConfigurationPlatforms) = preSolution
		Debug|Any CPU = Debug|Any CPU
		Release|Any CPU = Release|Any CPU
	EndGlobalSection
	GlobalSection(ProjectConfigurationPlatforms) = postSolution
		{91C4321F-20F6-4344-A114-FCDE17DBC179}.Debug|Any CPU.ActiveCfg = Debug|Any CPU
		{91C4321F-20F6-4344-A114-FCDE17DBC179}.Debug|Any CPU.Build.0 = Debug|Any CPU
		{91C4321F-20F6-4344-A114-FCDE17DBC179}.Release|Any CPU.ActiveCfg = Release|Any CPU
		{91C4321F-20F6-4344-A114-FCDE17DBC179}.Release|Any CPU.Build.0 = Release|Any CPU
		{6BE9139E-FD40-4CBD-B323-72901678968F}.Debug|Any CPU.ActiveCfg = Debug|Any CPU
		{6BE9139E-FD40-4CBD-B323-72901678968F}.Debug|Any CPU.Build.0 = Debug|Any CPU
		{6BE9139E-FD40-4CBD-B323-72901678968F}.Release|Any CPU.ActiveCfg = Release|Any CPU
		{6BE9139E-FD40-4CBD-B323-72901678968F}.Release|Any CPU.Build.0 = Release|Any CPU
		{A63D74B3-DD11-49BD-B899-D81BB2FF6E75}.Debug|Any CPU.ActiveCfg = Debug|Any CPU
		{A63D74B3-DD11-49BD-B899-D81BB2FF6E75}.Debug|Any CPU.Build.0 = Debug|Any CPU
		{A63D74B3-DD11-49BD-B899-D81BB2FF6E75}.Release|Any CPU.ActiveCfg = Release|Any CPU
		{A63D74B3-DD11-49BD-B899-D81BB2FF6E75}.Release|Any CPU.Build.0 = Release|Any CPU
		{A2CDEE79-F7D9-4E40-8E78-DB33CF2B3AB4}.Debug|Any CPU.ActiveCfg = Debug|Any CPU
		{A2CDEE79-F7D9-4E40-8E78-DB33CF2B3AB4}.Debug|Any CPU.Build.0 = Debug|Any CPU
		{A2CDEE79-F7D9-4E40-8E78-DB33CF2B3AB4}.Release|Any CPU.ActiveCfg = Release|Any CPU
		{A2CDEE79-F7D9-4E40-8E78-DB33CF2B3AB4}.Release|Any CPU.Build.0 = Release|Any CPU
	EndGlobalSection
	GlobalSection(SolutionProperties) = preSolution
		HideSolutionNode = FALSE
	EndGlobalSection
EndGlobal
